github.com/EricFrancis12/stripol v0.0.0-20241001215438-a00c779f7414 h1:H+uIeDHApssrbNjarkDGUMxXwSTK/66Mc4ZOWzMggtE=
github.com/EricFrancis12/stripol v0.0.0-20241001215438-a00c779f7414/go.mod h1:QYI8NmVpfQWRnADN/RfRfHVZ2Ptemtkis8WD3cdKvaM=
github.com/davecgh/go-spew v1.1.1 h1:vj9j/u1bqnvCEfJOwUhtlOARqs3+rkHYY13jYWTU97c=
github.com/davecgh/go-spew v1.1.1/go.mod h1:J7Y8YcW2NihsgmVo/mv3lAwl/skON4iLHjSsI+c5H38=
github.com/evandrojr/string-interpolation v0.1.1 h1:JJk3TQzr9I0NGwgTOG9R+K00xVCWn2uyMjKS/EG0ZTs=
github.com/evandrojr/string-interpolation v0.1.1/go.mod h1:SLXHE9C0Ks5snQDzIAXLMQ5cBCBeFQRpm4cgdx5aV94=
github.com/hashicorp/hil v0.0.0-20240904173158-8334f91b2a4d h1:1QDtQcFNUK5ozJQhwY0W83v5zVSHo0IyHj+/Amvxjss=
github.com/hashicorp/hil v0.0.0-20240904173158-8334f91b2a4d/go.mod h1:lpUcMVMpI+8yiNiMzIPTdFlHJzxEATAA/l84M4tdvq0=
github.com/mitchellh/mapstructure v1.5.0 h1:jeMsZIYE/09sWLaz43PL7Gy6RuMjD2eJVyuac5Z2hdY=
github.com/mitchellh/mapstructure v1.5.0/go.mod h1:bFUtVrKA4DC2yAKiSyO/QUcy7e+RRV2QTWOzhPopBRo=
github.com/mitchellh/reflectwalk v1.0.2 h1:G2LzWKi524PWgd3mLHV8Y5k7s6XUvT0Gef6zxSIeXaQ=
github.com/mitchellh/reflectwalk v1.0.2/go.mod h1:mSTlrgnPZtwu0c4WaC2kGObEpuNDbx0jmZXqmk4esnw=
github.com/pmezard/go-difflib v1.0.0 h1:4DBwDE0NGyQoBHbLQYPwSUPoCMWR5BEzIk/f1lZbAQM=
github.com/pmezard/go-difflib v1.0.0/go.mod h1:iKH77koFhYxTK1pcRnkKkqfTogsbg7gZNVY4sRDYZ/4=
github.com/stretchr/testify v1.9.0 h1:HtqpIVDClZ4nwg75+f6Lvsy/wHu+3BoSGCbBAcpTsTg=
github.com/stretchr/testify v1.9.0/go.mod h1:r2ic/lqez/lEtzL7wO/rwa5dbSLXVDPFyf8C91i36aY=
gopkg.in/yaml.v3 v3.0.1 h1:fxVm/GzAzEWqLHuvctI91KS9hhNmmWOoWu0XTYJS7CA=
gopkg.in/yaml.v3 v3.0.1/go.mod h1:K4uyk7z7BCEPqu6E+C64Yfv1cQ7kz7rIZviUmN+EgEM=
